// !$*UTF8*$!
{
	archiveVersion = 1;
	classes = {
	};
	objectVersion = 50;
	objects = {

/* Begin PBXBuildFile section */
		A90274D02626264F00B9B24C /* simulator.c in Sources */ = {isa = PBXBuildFile; fileRef = A90274CF2626264F00B9B24C /* simulator.c */; };
/* End PBXBuildFile section */

/* Begin PBXCopyFilesBuildPhase section */
		A90274CA2626264F00B9B24C /* CopyFiles */ = {
			isa = PBXCopyFilesBuildPhase;
			buildActionMask = 2147483647;
			dstPath = /usr/share/man/man1/;
			dstSubfolderSpec = 0;
			files = (
			);
			runOnlyForDeploymentPostprocessing = 1;
		};
/* End PBXCopyFilesBuildPhase section */

/* Begin PBXFileReference section */
		A90274CC2626264F00B9B24C /* 370_project_4 */ = {isa = PBXFileReference; explicitFileType = "compiled.mach-o.executable"; includeInIndex = 0; path = 370_project_4; sourceTree = BUILT_PRODUCTS_DIR; };
		A90274CF2626264F00B9B24C /* simulator.c */ = {isa = PBXFileReference; lastKnownFileType = sourcecode.c.c; path = simulator.c; sourceTree = "<group>"; };
		A96C79A4262F434A00C37343 /* run.mc */ = {isa = PBXFileReference; lastKnownFileType = text; path = run.mc; sourceTree = "<group>"; };
		A96C79A8262F475800C37343 /* SWsimple.txt */ = {isa = PBXFileReference; lastKnownFileType = text; path = SWsimple.txt; sourceTree = "<group>"; };
		A96C79AA262F502C00C37343 /* selfModify_1.txt */ = {isa = PBXFileReference; lastKnownFileType = text; path = selfModify_1.txt; sourceTree = "<group>"; };
		A96C79AB262F578B00C37343 /* testOne.1.1.3.txt */ = {isa = PBXFileReference; lastKnownFileType = text; path = testOne.1.1.3.txt; sourceTree = "<group>"; };
		A96C79AD262F662400C37343 /* testTwo.4.4.2.txt */ = {isa = PBXFileReference; lastKnownFileType = text; path = testTwo.4.4.2.txt; sourceTree = "<group>"; };
		A96C79AF262F674700C37343 /* testThree.4.4.8.txt */ = {isa = PBXFileReference; lastKnownFileType = text; path = testThree.4.4.8.txt; sourceTree = "<group>"; };
		A96C79B0262F676900C37343 /* textFour.1.4.8.txt */ = {isa = PBXFileReference; lastKnownFileType = text; path = textFour.1.4.8.txt; sourceTree = "<group>"; };
		A96C79B2262F67DA00C37343 /* testFive.8.2.1.txt */ = {isa = PBXFileReference; lastKnownFileType = text; path = testFive.8.2.1.txt; sourceTree = "<group>"; };
		A96C79B4262F834B00C37343 /* testSix.txt */ = {isa = PBXFileReference; lastKnownFileType = text; path = testSix.txt; sourceTree = "<group>"; };
		A9898DDC262E689400FA789F /* basic.4.2.1.txt */ = {isa = PBXFileReference; lastKnownFileType = text; path = basic.4.2.1.txt; sourceTree = "<group>"; };
		A9FA349F262C9DCA00EB1B89 /* spec.4.2.1.txt */ = {isa = PBXFileReference; lastKnownFileType = text; path = spec.4.2.1.txt; sourceTree = "<group>"; };
/* End PBXFileReference section */

/* Begin PBXFrameworksBuildPhase section */
		A90274C92626264F00B9B24C /* Frameworks */ = {
			isa = PBXFrameworksBuildPhase;
			buildActionMask = 2147483647;
			files = (
			);
			runOnlyForDeploymentPostprocessing = 0;
		};
/* End PBXFrameworksBuildPhase section */

/* Begin PBXGroup section */
		A90274C32626264F00B9B24C = {
			isa = PBXGroup;
			children = (
				A90274CE2626264F00B9B24C /* 370_project_4 */,
				A90274CD2626264F00B9B24C /* Products */,
			);
			sourceTree = "<group>";
		};
		A90274CD2626264F00B9B24C /* Products */ = {
			isa = PBXGroup;
			children = (
				A90274CC2626264F00B9B24C /* 370_project_4 */,
			);
			name = Products;
			sourceTree = "<group>";
		};
		A90274CE2626264F00B9B24C /* 370_project_4 */ = {
			isa = PBXGroup;
			children = (
				A96C79A4262F434A00C37343 /* run.mc */,
				A90274CF2626264F00B9B24C /* simulator.c */,
				A9FA349F262C9DCA00EB1B89 /* spec.4.2.1.txt */,
				A9898DDC262E689400FA789F /* basic.4.2.1.txt */,
				A96C79A8262F475800C37343 /* SWsimple.txt */,
				A96C79AA262F502C00C37343 /* selfModify_1.txt */,
				A96C79AB262F578B00C37343 /* testOne.1.1.3.txt */,
				A96C79AD262F662400C37343 /* testTwo.4.4.2.txt */,
				A96C79AF262F674700C37343 /* testThree.4.4.8.txt */,
				A96C79B0262F676900C37343 /* textFour.1.4.8.txt */,
				A96C79B2262F67DA00C37343 /* testFive.8.2.1.txt */,
				A96C79B4262F834B00C37343 /* testSix.txt */,
			);
			path = 370_project_4;
			sourceTree = "<group>";
		};
/* End PBXGroup section */

/* Begin PBXNativeTarget section */
		A90274CB2626264F00B9B24C /* 370_project_4 */ = {
			isa = PBXNativeTarget;
			buildConfigurationList = A90274D32626264F00B9B24C /* Build configuration list for PBXNativeTarget "370_project_4" */;
			buildPhases = (
				A90274C82626264F00B9B24C /* Sources */,
				A90274C92626264F00B9B24C /* Frameworks */,
				A90274CA2626264F00B9B24C /* CopyFiles */,
			);
			buildRules = (
			);
			dependencies = (
			);
			name = 370_project_4;
			productName = 370_project_4;
			productReference = A90274CC2626264F00B9B24C /* 370_project_4 */;
			productType = "com.apple.product-type.tool";
		};
/* End PBXNativeTarget section */

/* Begin PBXProject section */
		A90274C42626264F00B9B24C /* Project object */ = {
			isa = PBXProject;
			attributes = {
				LastUpgradeCheck = 1240;
				TargetAttributes = {
					A90274CB2626264F00B9B24C = {
						CreatedOnToolsVersion = 12.4;
					};
				};
			};
			buildConfigurationList = A90274C72626264F00B9B24C /* Build configuration list for PBXProject "370_project_4" */;
			compatibilityVersion = "Xcode 9.3";
			developmentRegion = en;
			hasScannedForEncodings = 0;
			knownRegions = (
				en,
				Base,
			);
			mainGroup = A90274C32626264F00B9B24C;
			productRefGroup = A90274CD2626264F00B9B24C /* Products */;
			projectDirPath = "";
			projectRoot = "";
			targets = (
				A90274CB2626264F00B9B24C /* 370_project_4 */,
			);
		};
/* End PBXProject section */

/* Begin PBXSourcesBuildPhase section */
		A90274C82626264F00B9B24C /* Sources */ = {
			isa = PBXSourcesBuildPhase;
			buildActionMask = 2147483647;
			files = (
				A90274D02626264F00B9B24C /* simulator.c in Sources */,
			);
			runOnlyForDeploymentPostprocessing = 0;
		};
/* End PBXSourcesBuildPhase section */

/* Begin XCBuildConfiguration section */
		A90274D12626264F00B9B24C /* Debug */ = {
			isa = XCBuildConfiguration;
			buildSettings = {
				ALWAYS_SEARCH_USER_PATHS = NO;
				CLANG_ANALYZER_NONNULL = YES;
				CLANG_ANALYZER_NUMBER_OBJECT_CONVERSION = YES_AGGRESSIVE;
				CLANG_CXX_LANGUAGE_STANDARD = "gnu++14";
				CLANG_CXX_LIBRARY = "libc++";
				CLANG_ENABLE_MODULES = YES;
				CLANG_ENABLE_OBJC_ARC = YES;
				CLANG_ENABLE_OBJC_WEAK = YES;
				CLANG_WARN_BLOCK_CAPTURE_AUTORELEASING = YES;
				CLANG_WARN_BOOL_CONVERSION = YES;
				CLANG_WARN_COMMA = YES;
				CLANG_WARN_CONSTANT_CONVERSION = YES;
				CLANG_WARN_DEPRECATED_OBJC_IMPLEMENTATIONS = YES;
				CLANG_WARN_DIRECT_OBJC_ISA_USAGE = YES_ERROR;
				CLANG_WARN_DOCUMENTATION_COMMENTS = YES;
				CLANG_WARN_EMPTY_BODY = YES;
				CLANG_WARN_ENUM_CONVERSION = YES;
				CLANG_WARN_INFINITE_RECURSION = YES;
				CLANG_WARN_INT_CONVERSION = YES;
				CLANG_WARN_NON_LITERAL_NULL_CONVERSION = YES;
				CLANG_WARN_OBJC_IMPLICIT_RETAIN_SELF = YES;
				CLANG_WARN_OBJC_LITERAL_CONVERSION = YES;
				CLANG_WARN_OBJC_ROOT_CLASS = YES_ERROR;
				CLANG_WARN_QUOTED_INCLUDE_IN_FRAMEWORK_HEADER = YES;
				CLANG_WARN_RANGE_LOOP_ANALYSIS = YES;
				CLANG_WARN_STRICT_PROTOTYPES = YES;
				CLANG_WARN_SUSPICIOUS_MOVE = YES;
				CLANG_WARN_UNGUARDED_AVAILABILITY = YES_AGGRESSIVE;
				CLANG_WARN_UNREACHABLE_CODE = YES;
				CLANG_WARN__DUPLICATE_METHOD_MATCH = YES;
				COPY_PHASE_STRIP = NO;
				DEBUG_INFORMATION_FORMAT = dwarf;
				ENABLE_STRICT_OBJC_MSGSEND = YES;
				ENABLE_TESTABILITY = YES;
				GCC_C_LANGUAGE_STANDARD = gnu11;
				GCC_DYNAMIC_NO_PIC = NO;
				GCC_NO_COMMON_BLOCKS = YES;
				GCC_OPTIMIZATION_LEVEL = 0;
				GCC_PREPROCESSOR_DEFINITIONS = (
					"DEBUG=1",
					"$(inherited)",
				);
				GCC_WARN_64_TO_32_BIT_CONVERSION = YES;
				GCC_WARN_ABOUT_RETURN_TYPE = YES_ERROR;
				GCC_WARN_UNDECLARED_SELECTOR = YES;
				GCC_WARN_UNINITIALIZED_AUTOS = YES_AGGRESSIVE;
				GCC_WARN_UNUSED_FUNCTION = YES;
				GCC_WARN_UNUSED_VARIABLE = YES;
				MACOSX_DEPLOYMENT_TARGET = 11.1;
				MTL_ENABLE_DEBUG_INFO = INCLUDE_SOURCE;
				MTL_FAST_MATH = YES;
				ONLY_ACTIVE_ARCH = YES;
				SDKROOT = macosx;
			};
			name = Debug;
		};
		A90274D22626264F00B9B24C /* Release */ = {
			isa = XCBuildConfiguration;
			buildSettings = {
				ALWAYS_SEARCH_USER_PATHS = NO;
				CLANG_ANALYZER_NONNULL = YES;
				CLANG_ANALYZER_NUMBER_OBJECT_CONVERSION = YES_AGGRESSIVE;
				CLANG_CXX_LANGUAGE_STANDARD = "gnu++14";
				CLANG_CXX_LIBRARY = "libc++";
				CLANG_ENABLE_MODULES = YES;
				CLANG_ENABLE_OBJC_ARC = YES;
				CLANG_ENABLE_OBJC_WEAK = YES;
				CLANG_WARN_BLOCK_CAPTURE_AUTORELEASING = YES;
				CLANG_WARN_BOOL_CONVERSION = YES;
				CLANG_WARN_COMMA = YES;
				CLANG_WARN_CONSTANT_CONVERSION = YES;
				CLANG_WARN_DEPRECATED_OBJC_IMPLEMENTATIONS = YES;
				CLANG_WARN_DIRECT_OBJC_ISA_USAGE = YES_ERROR;
				CLANG_WARN_DOCUMENTATION_COMMENTS = YES;
				CLANG_WARN_EMPTY_BODY = YES;
				CLANG_WARN_ENUM_CONVERSION = YES;
				CLANG_WARN_INFINITE_RECURSION = YES;
				CLANG_WARN_INT_CONVERSION = YES;
				CLANG_WARN_NON_LITERAL_NULL_CONVERSION = YES;
				CLANG_WARN_OBJC_IMPLICIT_RETAIN_SELF = YES;
				CLANG_WARN_OBJC_LITERAL_CONVERSION = YES;
				CLANG_WARN_OBJC_ROOT_CLASS = YES_ERROR;
				CLANG_WARN_QUOTED_INCLUDE_IN_FRAMEWORK_HEADER = YES;
				CLANG_WARN_RANGE_LOOP_ANALYSIS = YES;
				CLANG_WARN_STRICT_PROTOTYPES = YES;
				CLANG_WARN_SUSPICIOUS_MOVE = YES;
				CLANG_WARN_UNGUARDED_AVAILABILITY = YES_AGGRESSIVE;
				CLANG_WARN_UNREACHABLE_CODE = YES;
				CLANG_WARN__DUPLICATE_METHOD_MATCH = YES;
				COPY_PHASE_STRIP = NO;
				DEBUG_INFORMATION_FORMAT = "dwarf-with-dsym";
				ENABLE_NS_ASSERTIONS = NO;
				ENABLE_STRICT_OBJC_MSGSEND = YES;
				GCC_C_LANGUAGE_STANDARD = gnu11;
				GCC_NO_COMMON_BLOCKS = YES;
				GCC_WARN_64_TO_32_BIT_CONVERSION = YES;
				GCC_WARN_ABOUT_RETURN_TYPE = YES_ERROR;
				GCC_WARN_UNDECLARED_SELECTOR = YES;
				GCC_WARN_UNINITIALIZED_AUTOS = YES_AGGRESSIVE;
				GCC_WARN_UNUSED_FUNCTION = YES;
				GCC_WARN_UNUSED_VARIABLE = YES;
				MACOSX_DEPLOYMENT_TARGET = 11.1;
				MTL_ENABLE_DEBUG_INFO = NO;
				MTL_FAST_MATH = YES;
				SDKROOT = macosx;
			};
			name = Release;
		};
		A90274D42626264F00B9B24C /* Debug */ = {
			isa = XCBuildConfiguration;
			buildSettings = {
				CODE_SIGN_STYLE = Automatic;
				PRODUCT_NAME = "$(TARGET_NAME)";
			};
			name = Debug;
		};
		A90274D52626264F00B9B24C /* Release */ = {
			isa = XCBuildConfiguration;
			buildSettings = {
				CODE_SIGN_STYLE = Automatic;
				PRODUCT_NAME = "$(TARGET_NAME)";
			};
			name = Release;
		};
/* End XCBuildConfiguration section */

/* Begin XCConfigurationList section */
		A90274C72626264F00B9B24C /* Build configuration list for PBXProject "370_project_4" */ = {
			isa = XCConfigurationList;
			buildConfigurations = (
				A90274D12626264F00B9B24C /* Debug */,
				A90274D22626264F00B9B24C /* Release */,
			);
			defaultConfigurationIsVisible = 0;
			defaultConfigurationName = Release;
		};
		A90274D32626264F00B9B24C /* Build configuration list for PBXNativeTarget "370_project_4" */ = {
			isa = XCConfigurationList;
			buildConfigurations = (
				A90274D42626264F00B9B24C /* Debug */,
				A90274D52626264F00B9B24C /* Release */,
			);
			defaultConfigurationIsVisible = 0;
			defaultConfigurationName = Release;
		};
/* End XCConfigurationList section */
	};
	rootObject = A90274C42626264F00B9B24C /* Project object */;
}
